{
  "version": 4,
  "terraform_version": "1.7.0",
  "serial": 3,
  "lineage": "abc-123",
  "outputs": {
    "instance_ip": {
      "value": "10.0.1.50",
      "type": "string"
    }
  },
  "resources": [
    {
      "mode": "managed",
      "type": "aws_instance",
      "name": "web",
      "provider": "provider[\"registry.terraform.io/hashicorp/aws\"]",
      "instances": [
        {
          "attributes": {
            "ami": "ami-0c55b159cbfafe1f0",
            "instance_type": "t3.micro",
            "subnet_id": "subnet-abc123",
            "tags": {
              "Name": "web-server"
            },
            "vpc_security_group_ids": ["sg-abc123"]
          }
        }
      ]
    },
    {
      "mode": "managed",
      "type": "aws_security_group",
      "name": "web_sg",
      "provider": "provider[\"registry.terraform.io/hashicorp/aws\"]",
      "instances": [
        {
          "attributes": {
            "name": "web-sg",
            "description": "Security group for web server",
            "ingress": [
              {
                "from_port": 80,
                "to_port": 80,
                "protocol": "tcp",
                "cidr_blocks": ["0.0.0.0/0"]
              }
            ]
          }
        }
      ]
    },
    {
      "mode": "data",
      "type": "aws_ami",
      "name": "ubuntu",
      "provider": "provider[\"registry.terraform.io/hashicorp/aws\"]",
      "instances": [
        {
          "attributes": {
            "id": "ami-0c55b159cbfafe1f0",
            "name": "ubuntu/images/hvm-ssd/ubuntu-focal-20.04-amd64-server-*"
          }
        }
      ]
    }
  ]
}
